
Microsoft Visual Studio Solution File, Format Version 12.00
# Visual Studio Version 17
VisualStudioVersion = 17.5.33516.290
MinimumVisualStudioVersion = 10.0.40219.1
Project("{FAE04EC0-301F-11D3-BF4B-00C04F79EFBC}") = "exinterfaces", "exinterfaces\exinterfaces.csproj", "{B180A2E1-140F-4D7B-B0FA-80D17E2E0577}"
EndProject
Global
	GlobalSection(SolutionConfigurationPlatforms) = preSolution
		Debug|Any CPU = Debug|Any CPU
		Release|Any CPU = Release|Any CPU
	EndGlobalSection
	GlobalSection(ProjectConfigurationPlatforms) = postSolution
		{B180A2E1-140F-4D7B-B0FA-80D17E2E0577}.Debug|Any CPU.ActiveCfg = Debug|Any CPU
		{B180A2E1-140F-4D7B-B0FA-80D17E2E0577}.Debug|Any CPU.Build.0 = Debug|Any CPU
		{B180A2E1-140F-4D7B-B0FA-80D17E2E0577}.Release|Any CPU.ActiveCfg = Release|Any CPU
		{B180A2E1-140F-4D7B-B0FA-80D17E2E0577}.Release|Any CPU.Build.0 = Release|Any CPU
	EndGlobalSection
	GlobalSection(SolutionProperties) = preSolution
		HideSolutionNode = FALSE
	EndGlobalSection
	GlobalSection(ExtensibilityGlobals) = postSolution
		SolutionGuid = {AD7C573D-82B3-4778-BAB4-FD68CD8F8A5A}
	EndGlobalSection
EndGlobal
